
Microsoft Visual Studio Solution File, Format Version 12.00
# Visual Studio Version 16
VisualStudioVersion = 16.0.34031.81
MinimumVisualStudioVersion = 10.0.40219.1
Project("{FAE04EC0-301F-11D3-BF4B-00C04F79EFBC}") = "ExperimentWithControls", "ExperimentWithControls\ExperimentWithControls.csproj", "{D23DFB48-C8FD-4D21-92F7-38A9744D0633}"
EndProject
Global
	GlobalSection(SolutionConfigurationPlatforms) = preSolution
		Debug|Any CPU = Debug|Any CPU
		Release|Any CPU = Release|Any CPU
	EndGlobalSection
	GlobalSection(ProjectConfigurationPlatforms) = postSolution
		{D23DFB48-C8FD-4D21-92F7-38A9744D0633}.Debug|Any CPU.ActiveCfg = Debug|Any CPU
		{D23DFB48-C8FD-4D21-92F7-38A9744D0633}.Debug|Any CPU.Build.0 = Debug|Any CPU
		{D23DFB48-C8FD-4D21-92F7-38A9744D0633}.Release|Any CPU.ActiveCfg = Release|Any CPU
		{D23DFB48-C8FD-4D21-92F7-38A9744D0633}.Release|Any CPU.Build.0 = Release|Any CPU
	EndGlobalSection
	GlobalSection(SolutionProperties) = preSolution
		HideSolutionNode = FALSE
	EndGlobalSection
	GlobalSection(ExtensibilityGlobals) = postSolution
		SolutionGuid = {B329CA2E-FE29-428F-9BF1-7A8DFA944ED8}
	EndGlobalSection
EndGlobal
